
Microsoft Visual Studio Solution File, Format Version 12.00
# Visual Studio 15
Project("{FAE04EC0-301F-11D3-BF4B-00C04F79EFBC}") = "Ubiq", "Ubiq.csproj", "{661972A3-875D-788D-396F-A150A43EDD69}"
EndProject
Project("{FAE04EC0-301F-11D3-BF4B-00C04F79EFBC}") = "Ubiq.Logging.Utf8Json", "Ubiq.Logging.Utf8Json.csproj", "{B61B4012-C0EA-1F06-5FE4-B0FF3A8826D9}"
EndProject
Project("{FAE04EC0-301F-11D3-BF4B-00C04F79EFBC}") = "Assembly-CSharp", "Assembly-CSharp.csproj", "{87A7FC8D-C735-2CF3-A367-3C7700AD2C98}"
EndProject
Project("{FAE04EC0-301F-11D3-BF4B-00C04F79EFBC}") = "Ubiq.Editor", "Ubiq.Editor.csproj", "{D253A999-9539-9F5A-2C4D-F9F4F0D586F8}"
EndProject
Project("{FAE04EC0-301F-11D3-BF4B-00C04F79EFBC}") = "Assembly-CSharp-Editor", "Assembly-CSharp-Editor.csproj", "{DEDAE1A6-9F2E-BDC5-271A-3BC421BA0916}"
EndProject
Global
	GlobalSection(SolutionConfigurationPlatforms) = preSolution
		Debug|Any CPU = Debug|Any CPU
		Release|Any CPU = Release|Any CPU
	EndGlobalSection
	GlobalSection(ProjectConfigurationPlatforms) = postSolution
		{661972A3-875D-788D-396F-A150A43EDD69}.Debug|Any CPU.ActiveCfg = Debug|Any CPU
		{661972A3-875D-788D-396F-A150A43EDD69}.Debug|Any CPU.Build.0 = Debug|Any CPU
		{661972A3-875D-788D-396F-A150A43EDD69}.Release|Any CPU.ActiveCfg = Release|Any CPU
		{661972A3-875D-788D-396F-A150A43EDD69}.Release|Any CPU.Build.0 = Release|Any CPU
		{B61B4012-C0EA-1F06-5FE4-B0FF3A8826D9}.Debug|Any CPU.ActiveCfg = Debug|Any CPU
		{B61B4012-C0EA-1F06-5FE4-B0FF3A8826D9}.Debug|Any CPU.Build.0 = Debug|Any CPU
		{B61B4012-C0EA-1F06-5FE4-B0FF3A8826D9}.Release|Any CPU.ActiveCfg = Release|Any CPU
		{B61B4012-C0EA-1F06-5FE4-B0FF3A8826D9}.Release|Any CPU.Build.0 = Release|Any CPU
		{87A7FC8D-C735-2CF3-A367-3C7700AD2C98}.Debug|Any CPU.ActiveCfg = Debug|Any CPU
		{87A7FC8D-C735-2CF3-A367-3C7700AD2C98}.Debug|Any CPU.Build.0 = Debug|Any CPU
		{87A7FC8D-C735-2CF3-A367-3C7700AD2C98}.Release|Any CPU.ActiveCfg = Release|Any CPU
		{87A7FC8D-C735-2CF3-A367-3C7700AD2C98}.Release|Any CPU.Build.0 = Release|Any CPU
		{D253A999-9539-9F5A-2C4D-F9F4F0D586F8}.Debug|Any CPU.ActiveCfg = Debug|Any CPU
		{D253A999-9539-9F5A-2C4D-F9F4F0D586F8}.Debug|Any CPU.Build.0 = Debug|Any CPU
		{D253A999-9539-9F5A-2C4D-F9F4F0D586F8}.Release|Any CPU.ActiveCfg = Release|Any CPU
		{D253A999-9539-9F5A-2C4D-F9F4F0D586F8}.Release|Any CPU.Build.0 = Release|Any CPU
		{DEDAE1A6-9F2E-BDC5-271A-3BC421BA0916}.Debug|Any CPU.ActiveCfg = Debug|Any CPU
		{DEDAE1A6-9F2E-BDC5-271A-3BC421BA0916}.Debug|Any CPU.Build.0 = Debug|Any CPU
		{DEDAE1A6-9F2E-BDC5-271A-3BC421BA0916}.Release|Any CPU.ActiveCfg = Release|Any CPU
		{DEDAE1A6-9F2E-BDC5-271A-3BC421BA0916}.Release|Any CPU.Build.0 = Release|Any CPU
	EndGlobalSection
	GlobalSection(SolutionProperties) = preSolution
		HideSolutionNode = FALSE
	EndGlobalSection
EndGlobal
